
Microsoft Visual Studio Solution File, Format Version 12.00
# Visual Studio Version 17
VisualStudioVersion = 17.11.35327.3
MinimumVisualStudioVersion = 10.0.40219.1
Project("{FAE04EC0-301F-11D3-BF4B-00C04F79EFBC}") = "Nettruyen", "Nettruyen.csproj", "{4F0FB356-0836-4E23-AA09-EE329CEA2A35}"
EndProject
Global
	GlobalSection(SolutionConfigurationPlatforms) = preSolution
		Debug|Any CPU = Debug|Any CPU
		Release|Any CPU = Release|Any CPU
	EndGlobalSection
	GlobalSection(ProjectConfigurationPlatforms) = postSolution
		{4F0FB356-0836-4E23-AA09-EE329CEA2A35}.Debug|Any CPU.ActiveCfg = Debug|Any CPU
		{4F0FB356-0836-4E23-AA09-EE329CEA2A35}.Debug|Any CPU.Build.0 = Debug|Any CPU
		{4F0FB356-0836-4E23-AA09-EE329CEA2A35}.Release|Any CPU.ActiveCfg = Release|Any CPU
		{4F0FB356-0836-4E23-AA09-EE329CEA2A35}.Release|Any CPU.Build.0 = Release|Any CPU
	EndGlobalSection
	GlobalSection(SolutionProperties) = preSolution
		HideSolutionNode = FALSE
	EndGlobalSection
	GlobalSection(ExtensibilityGlobals) = postSolution
		SolutionGuid = {FA6BC47C-2903-46FE-A41F-C46D0B5D331B}
	EndGlobalSection
EndGlobal
